
Microsoft Visual Studio Solution File, Format Version 12.00
# Visual Studio Version 16
VisualStudioVersion = 16.0.30320.27
MinimumVisualStudioVersion = 10.0.40219.1
Project("{9A19103F-16F7-4668-BE54-9A1E7A4F7556}") = "OFD_MessageService", "OFD_MessageService.csproj", "{052AA41B-88AE-479F-86A6-319D42402671}"
EndProject
Global
	GlobalSection(SolutionConfigurationPlatforms) = preSolution
		Debug|Any CPU = Debug|Any CPU
		Release|Any CPU = Release|Any CPU
	EndGlobalSection
	GlobalSection(ProjectConfigurationPlatforms) = postSolution
		{052AA41B-88AE-479F-86A6-319D42402671}.Debug|Any CPU.ActiveCfg = Debug|Any CPU
		{052AA41B-88AE-479F-86A6-319D42402671}.Debug|Any CPU.Build.0 = Debug|Any CPU
		{052AA41B-88AE-479F-86A6-319D42402671}.Release|Any CPU.ActiveCfg = Release|Any CPU
		{052AA41B-88AE-479F-86A6-319D42402671}.Release|Any CPU.Build.0 = Release|Any CPU
	EndGlobalSection
	GlobalSection(SolutionProperties) = preSolution
		HideSolutionNode = FALSE
	EndGlobalSection
	GlobalSection(ExtensibilityGlobals) = postSolution
		SolutionGuid = {A5C3D13E-0329-4FDE-823B-CEBD1C80F09A}
	EndGlobalSection
EndGlobal
